// !$*UTF8*$!
{
	archiveVersion = 1;
	classes = {
	};
	objectVersion = 50;
	objects = {

/* Begin PBXBuildFile section */
		D895ED3A225D471F00B4AE17 /* AppDelegate.swift in Sources */ = {isa = PBXBuildFile; fileRef = D895ED39225D471F00B4AE17 /* AppDelegate.swift */; };
		D895ED3C225D471F00B4AE17 /* ViewController.swift in Sources */ = {isa = PBXBuildFile; fileRef = D895ED3B225D471F00B4AE17 /* ViewController.swift */; };
		D895ED3F225D471F00B4AE17 /* Main.storyboard in Resources */ = {isa = PBXBuildFile; fileRef = D895ED3D225D471F00B4AE17 /* Main.storyboard */; };
		D895ED41225D472000B4AE17 /* Assets.xcassets in Resources */ = {isa = PBXBuildFile; fileRef = D895ED40225D472000B4AE17 /* Assets.xcassets */; };
		D895ED44225D472000B4AE17 /* LaunchScreen.storyboard in Resources */ = {isa = PBXBuildFile; fileRef = D895ED42225D472000B4AE17 /* LaunchScreen.storyboard */; };
		D8EBD1B2229C89190098922D /* Main.storyboard in Resources */ = {isa = PBXBuildFile; fileRef = D8EBD1B1229C89190098922D /* Main.storyboard */; };
/* End PBXBuildFile section */

/* Begin PBXFileReference section */
		D895ED36225D471F00B4AE17 /* P3App.app */ = {isa = PBXFileReference; explicitFileType = wrapper.application; includeInIndex = 0; path = P3App.app; sourceTree = BUILT_PRODUCTS_DIR; };
		D895ED39225D471F00B4AE17 /* AppDelegate.swift */ = {isa = PBXFileReference; lastKnownFileType = sourcecode.swift; path = AppDelegate.swift; sourceTree = "<group>"; };
		D895ED3B225D471F00B4AE17 /* ViewController.swift */ = {isa = PBXFileReference; lastKnownFileType = sourcecode.swift; path = ViewController.swift; sourceTree = "<group>"; };
		D895ED3E225D471F00B4AE17 /* Base */ = {isa = PBXFileReference; lastKnownFileType = file.storyboard; name = Base; path = Base.lproj/Main.storyboard; sourceTree = "<group>"; };
		D895ED40225D472000B4AE17 /* Assets.xcassets */ = {isa = PBXFileReference; lastKnownFileType = folder.assetcatalog; path = Assets.xcassets; sourceTree = "<group>"; };
		D895ED43225D472000B4AE17 /* Base */ = {isa = PBXFileReference; lastKnownFileType = file.storyboard; name = Base; path = Base.lproj/LaunchScreen.storyboard; sourceTree = "<group>"; };
		D895ED45225D472000B4AE17 /* Info.plist */ = {isa = PBXFileReference; lastKnownFileType = text.plist.xml; path = Info.plist; sourceTree = "<group>"; };
		D8EBD1B1229C89190098922D /* Main.storyboard */ = {isa = PBXFileReference; fileEncoding = 4; lastKnownFileType = file.storyboard; name = Main.storyboard; path = "../Project 3 App/Main.storyboard"; sourceTree = "<group>"; };
/* End PBXFileReference section */

/* Begin PBXFrameworksBuildPhase section */
		D895ED33225D471F00B4AE17 /* Frameworks */ = {
			isa = PBXFrameworksBuildPhase;
			buildActionMask = 2147483647;
			files = (
			);
			runOnlyForDeploymentPostprocessing = 0;
		};
/* End PBXFrameworksBuildPhase section */

/* Begin PBXGroup section */
		D895ED2D225D471F00B4AE17 = {
			isa = PBXGroup;
			children = (
				D8EBD1B1229C89190098922D /* Main.storyboard */,
				D895ED38225D471F00B4AE17 /* P3App */,
				D895ED37225D471F00B4AE17 /* Products */,
			);
			sourceTree = "<group>";
		};
		D895ED37225D471F00B4AE17 /* Products */ = {
			isa = PBXGroup;
			children = (
				D895ED36225D471F00B4AE17 /* P3App.app */,
			);
			name = Products;
			sourceTree = "<group>";
		};
		D895ED38225D471F00B4AE17 /* P3App */ = {
			isa = PBXGroup;
			children = (
				D895ED39225D471F00B4AE17 /* AppDelegate.swift */,
				D895ED3B225D471F00B4AE17 /* ViewController.swift */,
				D895ED3D225D471F00B4AE17 /* Main.storyboard */,
				D895ED40225D472000B4AE17 /* Assets.xcassets */,
				D895ED42225D472000B4AE17 /* LaunchScreen.storyboard */,
				D895ED45225D472000B4AE17 /* Info.plist */,
			);
			path = P3App;
			sourceTree = "<group>";
		};
/* End PBXGroup section */

/* Begin PBXNativeTarget section */
		D895ED35225D471F00B4AE17 /* P3App */ = {
			isa = PBXNativeTarget;
			buildConfigurationList = D895ED48225D472000B4AE17 /* Build configuration list for PBXNativeTarget "P3App" */;
			buildPhases = (
				D895ED32225D471F00B4AE17 /* Sources */,
				D895ED33225D471F00B4AE17 /* Frameworks */,
				D895ED34225D471F00B4AE17 /* Resources */,
			);
			buildRules = (
			);
			dependencies = (
			);
			name = P3App;
			productName = P3App;
			productReference = D895ED36225D471F00B4AE17 /* P3App.app */;
			productType = "com.apple.product-type.application";
		};
/* End PBXNativeTarget section */

/* Begin PBXProject section */
		D895ED2E225D471F00B4AE17 /* Project object */ = {
			isa = PBXProject;
			attributes = {
				LastSwiftUpdateCheck = 1020;
				LastUpgradeCheck = 1020;
				ORGANIZATIONNAME = "Nathan Lee";
				TargetAttributes = {
					D895ED35225D471F00B4AE17 = {
						CreatedOnToolsVersion = 10.2;
					};
				};
			};
			buildConfigurationList = D895ED31225D471F00B4AE17 /* Build configuration list for PBXProject "P3App" */;
			compatibilityVersion = "Xcode 9.3";
			developmentRegion = en;
			hasScannedForEncodings = 0;
			knownRegions = (
				en,
				Base,
			);
			mainGroup = D895ED2D225D471F00B4AE17;
			productRefGroup = D895ED37225D471F00B4AE17 /* Products */;
			projectDirPath = "";
			projectRoot = "";
			targets = (
				D895ED35225D471F00B4AE17 /* P3App */,
			);
		};
/* End PBXProject section */

/* Begin PBXResourcesBuildPhase section */
		D895ED34225D471F00B4AE17 /* Resources */ = {
			isa = PBXResourcesBuildPhase;
			buildActionMask = 2147483647;
			files = (
				D895ED44225D472000B4AE17 /* LaunchScreen.storyboard in Resources */,
				D895ED41225D472000B4AE17 /* Assets.xcassets in Resources */,
				D895ED3F225D471F00B4AE17 /* Main.storyboard in Resources */,
				D8EBD1B2229C89190098922D /* Main.storyboard in Resources */,
			);
			runOnlyForDeploymentPostprocessing = 0;
		};
/* End PBXResourcesBuildPhase section */

/* Begin PBXSourcesBuildPhase section */
		D895ED32225D471F00B4AE17 /* Sources */ = {
			isa = PBXSourcesBuildPhase;
			buildActionMask = 2147483647;
			files = (
				D895ED3C225D471F00B4AE17 /* ViewController.swift in Sources */,
				D895ED3A225D471F00B4AE17 /* AppDelegate.swift in Sources */,
			);
			runOnlyForDeploymentPostprocessing = 0;
		};
/* End PBXSourcesBuildPhase section */

/* Begin PBXVariantGroup section */
		D895ED3D225D471F00B4AE17 /* Main.storyboard */ = {
			isa = PBXVariantGroup;
			children = (
				D895ED3E225D471F00B4AE17 /* Base */,
			);
			name = Main.storyboard;
			sourceTree = "<group>";
		};
		D895ED42225D472000B4AE17 /* LaunchScreen.storyboard */ = {
			isa = PBXVariantGroup;
			children = (
				D895ED43225D472000B4AE17 /* Base */,
			);
			name = LaunchScreen.storyboard;
			sourceTree = "<group>";
		};
/* End PBXVariantGroup section */

/* Begin XCBuildConfiguration section */
		D895ED46225D472000B4AE17 /* Debug */ = {
			isa = XCBuildConfiguration;
			buildSettings = {
				ALWAYS_SEARCH_USER_PATHS = NO;
				CLANG_ANALYZER_NONNULL = YES;
				CLANG_ANALYZER_NUMBER_OBJECT_CONVERSION = YES_AGGRESSIVE;
				CLANG_CXX_LANGUAGE_STANDARD = "gnu++14";
				CLANG_CXX_LIBRARY = "libc++";
				CLANG_ENABLE_MODULES = YES;
				CLANG_ENABLE_OBJC_ARC = YES;
				CLANG_ENABLE_OBJC_WEAK = YES;
				CLANG_WARN_BLOCK_CAPTURE_AUTORELEASING = YES;
				CLANG_WARN_BOOL_CONVERSION = YES;
				CLANG_WARN_COMMA = YES;
				CLANG_WARN_CONSTANT_CONVERSION = YES;
				CLANG_WARN_DEPRECATED_OBJC_IMPLEMENTATIONS = YES;
				CLANG_WARN_DIRECT_OBJC_ISA_USAGE = YES_ERROR;
				CLANG_WARN_DOCUMENTATION_COMMENTS = YES;
				CLANG_WARN_EMPTY_BODY = YES;
				CLANG_WARN_ENUM_CONVERSION = YES;
				CLANG_WARN_INFINITE_RECURSION = YES;
				CLANG_WARN_INT_CONVERSION = YES;
				CLANG_WARN_NON_LITERAL_NULL_CONVERSION = YES;
				CLANG_WARN_OBJC_IMPLICIT_RETAIN_SELF = YES;
				CLANG_WARN_OBJC_LITERAL_CONVERSION = YES;
				CLANG_WARN_OBJC_ROOT_CLASS = YES_ERROR;
				CLANG_WARN_RANGE_LOOP_ANALYSIS = YES;
				CLANG_WARN_STRICT_PROTOTYPES = YES;
				CLANG_WARN_SUSPICIOUS_MOVE = YES;
				CLANG_WARN_UNGUARDED_AVAILABILITY = YES_AGGRESSIVE;
				CLANG_WARN_UNREACHABLE_CODE = YES;
				CLANG_WARN__DUPLICATE_METHOD_MATCH = YES;
				CODE_SIGN_IDENTITY = "iPhone Developer";
				COPY_PHASE_STRIP = NO;
				DEBUG_INFORMATION_FORMAT = dwarf;
				ENABLE_STRICT_OBJC_MSGSEND = YES;
				ENABLE_TESTABILITY = YES;
				GCC_C_LANGUAGE_STANDARD = gnu11;
				GCC_DYNAMIC_NO_PIC = NO;
				GCC_NO_COMMON_BLOCKS = YES;
				GCC_OPTIMIZATION_LEVEL = 0;
				GCC_PREPROCESSOR_DEFINITIONS = (
					"DEBUG=1",
					"$(inherited)",
				);
				GCC_WARN_64_TO_32_BIT_CONVERSION = YES;
				GCC_WARN_ABOUT_RETURN_TYPE = YES_ERROR;
				GCC_WARN_UNDECLARED_SELECTOR = YES;
				GCC_WARN_UNINITIALIZED_AUTOS = YES_AGGRESSIVE;
				GCC_WARN_UNUSED_FUNCTION = YES;
				GCC_WARN_UNUSED_VARIABLE = YES;
				IPHONEOS_DEPLOYMENT_TARGET = 12.2;
				MTL_ENABLE_DEBUG_INFO = INCLUDE_SOURCE;
				MTL_FAST_MATH = YES;
				ONLY_ACTIVE_ARCH = YES;
				SDKROOT = iphoneos;
				SWIFT_ACTIVE_COMPILATION_CONDITIONS = DEBUG;
				SWIFT_OPTIMIZATION_LEVEL = "-Onone";
			};
			name = Debug;
		};
		D895ED47225D472000B4AE17 /* Release */ = {
			isa = XCBuildConfiguration;
			buildSettings = {
				ALWAYS_SEARCH_USER_PATHS = NO;
				CLANG_ANALYZER_NONNULL = YES;
				CLANG_ANALYZER_NUMBER_OBJECT_CONVERSION = YES_AGGRESSIVE;
				CLANG_CXX_LANGUAGE_STANDARD = "gnu++14";
				CLANG_CXX_LIBRARY = "libc++";
				CLANG_ENABLE_MODULES = YES;
				CLANG_ENABLE_OBJC_ARC = YES;
				CLANG_ENABLE_OBJC_WEAK = YES;
				CLANG_WARN_BLOCK_CAPTURE_AUTORELEASING = YES;
				CLANG_WARN_BOOL_CONVERSION = YES;
				CLANG_WARN_COMMA = YES;
				CLANG_WARN_CONSTANT_CONVERSION = YES;
				CLANG_WARN_DEPRECATED_OBJC_IMPLEMENTATIONS = YES;
				CLANG_WARN_DIRECT_OBJC_ISA_USAGE = YES_ERROR;
				CLANG_WARN_DOCUMENTATION_COMMENTS = YES;
				CLANG_WARN_EMPTY_BODY = YES;
				CLANG_WARN_ENUM_CONVERSION = YES;
				CLANG_WARN_INFINITE_RECURSION = YES;
				CLANG_WARN_INT_CONVERSION = YES;
				CLANG_WARN_NON_LITERAL_NULL_CONVERSION = YES;
				CLANG_WARN_OBJC_IMPLICIT_RETAIN_SELF = YES;
				CLANG_WARN_OBJC_LITERAL_CONVERSION = YES;
				CLANG_WARN_OBJC_ROOT_CLASS = YES_ERROR;
				CLANG_WARN_RANGE_LOOP_ANALYSIS = YES;
				CLANG_WARN_STRICT_PROTOTYPES = YES;
				CLANG_WARN_SUSPICIOUS_MOVE = YES;
				CLANG_WARN_UNGUARDED_AVAILABILITY = YES_AGGRESSIVE;
				CLANG_WARN_UNREACHABLE_CODE = YES;
				CLANG_WARN__DUPLICATE_METHOD_MATCH = YES;
				CODE_SIGN_IDENTITY = "iPhone Developer";
				COPY_PHASE_STRIP = NO;
				DEBUG_INFORMATION_FORMAT = "dwarf-with-dsym";
				ENABLE_NS_ASSERTIONS = NO;
				ENABLE_STRICT_OBJC_MSGSEND = YES;
				GCC_C_LANGUAGE_STANDARD = gnu11;
				GCC_NO_COMMON_BLOCKS = YES;
				GCC_WARN_64_TO_32_BIT_CONVERSION = YES;
				GCC_WARN_ABOUT_RETURN_TYPE = YES_ERROR;
				GCC_WARN_UNDECLARED_SELECTOR = YES;
				GCC_WARN_UNINITIALIZED_AUTOS = YES_AGGRESSIVE;
				GCC_WARN_UNUSED_FUNCTION = YES;
				GCC_WARN_UNUSED_VARIABLE = YES;
				IPHONEOS_DEPLOYMENT_TARGET = 12.2;
				MTL_ENABLE_DEBUG_INFO = NO;
				MTL_FAST_MATH = YES;
				SDKROOT = iphoneos;
				SWIFT_COMPILATION_MODE = wholemodule;
				SWIFT_OPTIMIZATION_LEVEL = "-O";
				VALIDATE_PRODUCT = YES;
			};
			name = Release;
		};
		D895ED49225D472000B4AE17 /* Debug */ = {
			isa = XCBuildConfiguration;
			buildSettings = {
				ASSETCATALOG_COMPILER_APPICON_NAME = AppIcon;
				CODE_SIGN_STYLE = Automatic;
				INFOPLIST_FILE = P3App/Info.plist;
				LD_RUNPATH_SEARCH_PATHS = (
					"$(inherited)",
					"@executable_path/Frameworks",
				);
				PRODUCT_BUNDLE_IDENTIFIER = com.NathanLee.P3App;
				PRODUCT_NAME = "$(TARGET_NAME)";
				SWIFT_VERSION = 5.0;
				TARGETED_DEVICE_FAMILY = "1,2";
			};
			name = Debug;
		};
		D895ED4A225D472000B4AE17 /* Release */ = {
			isa = XCBuildConfiguration;
			buildSettings = {
				ASSETCATALOG_COMPILER_APPICON_NAME = AppIcon;
				CODE_SIGN_STYLE = Automatic;
				INFOPLIST_FILE = P3App/Info.plist;
				LD_RUNPATH_SEARCH_PATHS = (
					"$(inherited)",
					"@executable_path/Frameworks",
				);
				PRODUCT_BUNDLE_IDENTIFIER = com.NathanLee.P3App;
				PRODUCT_NAME = "$(TARGET_NAME)";
				SWIFT_VERSION = 5.0;
				TARGETED_DEVICE_FAMILY = "1,2";
			};
			name = Release;
		};
/* End XCBuildConfiguration section */

/* Begin XCConfigurationList section */
		D895ED31225D471F00B4AE17 /* Build configuration list for PBXProject "P3App" */ = {
			isa = XCConfigurationList;
			buildConfigurations = (
				D895ED46225D472000B4AE17 /* Debug */,
				D895ED47225D472000B4AE17 /* Release */,
			);
			defaultConfigurationIsVisible = 0;
			defaultConfigurationName = Release;
		};
		D895ED48225D472000B4AE17 /* Build configuration list for PBXNativeTarget "P3App" */ = {
			isa = XCConfigurationList;
			buildConfigurations = (
				D895ED49225D472000B4AE17 /* Debug */,
				D895ED4A225D472000B4AE17 /* Release */,
			);
			defaultConfigurationIsVisible = 0;
			defaultConfigurationName = Release;
		};
/* End XCConfigurationList section */
	};
	rootObject = D895ED2E225D471F00B4AE17 /* Project object */;
}
